
Microsoft Visual Studio Solution File, Format Version 12.00
# Visual Studio Version 17
VisualStudioVersion = 17.7.34202.233
MinimumVisualStudioVersion = 10.0.40219.1
Project("{FAE04EC0-301F-11D3-BF4B-00C04F79EFBC}") = "Teste&&", "Teste&&.csproj", "{7FF7DCED-7960-4B03-97D0-D6F0558D95B7}"
EndProject
Global
	GlobalSection(SolutionConfigurationPlatforms) = preSolution
		Debug|Any CPU = Debug|Any CPU
		Release|Any CPU = Release|Any CPU
	EndGlobalSection
	GlobalSection(ProjectConfigurationPlatforms) = postSolution
		{7FF7DCED-7960-4B03-97D0-D6F0558D95B7}.Debug|Any CPU.ActiveCfg = Debug|Any CPU
		{7FF7DCED-7960-4B03-97D0-D6F0558D95B7}.Debug|Any CPU.Build.0 = Debug|Any CPU
		{7FF7DCED-7960-4B03-97D0-D6F0558D95B7}.Release|Any CPU.ActiveCfg = Release|Any CPU
		{7FF7DCED-7960-4B03-97D0-D6F0558D95B7}.Release|Any CPU.Build.0 = Release|Any CPU
	EndGlobalSection
	GlobalSection(SolutionProperties) = preSolution
		HideSolutionNode = FALSE
	EndGlobalSection
	GlobalSection(ExtensibilityGlobals) = postSolution
		SolutionGuid = {BD2B1BD7-07B9-4294-B648-C5F9B91789A4}
	EndGlobalSection
EndGlobal
